// !$*UTF8*$!
{
	archiveVersion = 1;
	classes = {
	};
	objectVersion = 56;
	objects = {

/* Begin PBXBuildFile section */
		38F067B8F57845FF7F165E63 /* Pods_CashkaChoffe.framework in Frameworks */ = {isa = PBXBuildFile; fileRef = 4252E40BB2DC6887CCEADF0D /* Pods_CashkaChoffe.framework */; };
		C9025F122B77646000EFE16B /* CoffeeShopsInterfaces.swift in Sources */ = {isa = PBXBuildFile; fileRef = C9025F0D2B77646000EFE16B /* CoffeeShopsInterfaces.swift */; };
		C9025F132B77646100EFE16B /* CoffeeShopsPresenter.swift in Sources */ = {isa = PBXBuildFile; fileRef = C9025F0E2B77646000EFE16B /* CoffeeShopsPresenter.swift */; };
		C9025F142B77646100EFE16B /* CoffeeShopsViewController.swift in Sources */ = {isa = PBXBuildFile; fileRef = C9025F0F2B77646000EFE16B /* CoffeeShopsViewController.swift */; };
		C9025F152B77646100EFE16B /* CoffeeShopsInteractor.swift in Sources */ = {isa = PBXBuildFile; fileRef = C9025F102B77646000EFE16B /* CoffeeShopsInteractor.swift */; };
		C9025F162B77646100EFE16B /* CoffeeShopsWireframe.swift in Sources */ = {isa = PBXBuildFile; fileRef = C9025F112B77646000EFE16B /* CoffeeShopsWireframe.swift */; };
		C9025F192B77822200EFE16B /* MapViewController.swift in Sources */ = {isa = PBXBuildFile; fileRef = C9025F182B77822200EFE16B /* MapViewController.swift */; };
		C9025F232B77853F00EFE16B /* Network.swift in Sources */ = {isa = PBXBuildFile; fileRef = C9025F222B77853F00EFE16B /* Network.swift */; };
		C9025F252B778C8600EFE16B /* NetworkError.swift in Sources */ = {isa = PBXBuildFile; fileRef = C9025F242B778C8600EFE16B /* NetworkError.swift */; };
		C9025F272B778F3200EFE16B /* UserModel.swift in Sources */ = {isa = PBXBuildFile; fileRef = C9025F262B778F3200EFE16B /* UserModel.swift */; };
		C9025F292B77D5CA00EFE16B /* CoffeeShopModel.swift in Sources */ = {isa = PBXBuildFile; fileRef = C9025F282B77D5CA00EFE16B /* CoffeeShopModel.swift */; };
		C91C6E542B792C27005FEAFB /* MenuInterfaces.swift in Sources */ = {isa = PBXBuildFile; fileRef = C91C6E4F2B792C27005FEAFB /* MenuInterfaces.swift */; };
		C91C6E552B792C27005FEAFB /* MenuPresenter.swift in Sources */ = {isa = PBXBuildFile; fileRef = C91C6E502B792C27005FEAFB /* MenuPresenter.swift */; };
		C91C6E562B792C27005FEAFB /* MenuViewController.swift in Sources */ = {isa = PBXBuildFile; fileRef = C91C6E512B792C27005FEAFB /* MenuViewController.swift */; };
		C91C6E572B792C27005FEAFB /* MenuInteractor.swift in Sources */ = {isa = PBXBuildFile; fileRef = C91C6E522B792C27005FEAFB /* MenuInteractor.swift */; };
		C91C6E582B792C27005FEAFB /* MenuWireframe.swift in Sources */ = {isa = PBXBuildFile; fileRef = C91C6E532B792C27005FEAFB /* MenuWireframe.swift */; };
		C91C6E5A2B793025005FEAFB /* CoffeeModel.swift in Sources */ = {isa = PBXBuildFile; fileRef = C91C6E592B793025005FEAFB /* CoffeeModel.swift */; };
		C91C6E5C2B793936005FEAFB /* MenuCollectionViewCell.swift in Sources */ = {isa = PBXBuildFile; fileRef = C91C6E5B2B793936005FEAFB /* MenuCollectionViewCell.swift */; };
		C990F31F2B751EE80030E451 /* BaseWireframe.swift in Sources */ = {isa = PBXBuildFile; fileRef = C990F3192B751EE80030E451 /* BaseWireframe.swift */; };
		C990F3202B751EE80030E451 /* FormatterInterface.swift in Sources */ = {isa = PBXBuildFile; fileRef = C990F31A2B751EE80030E451 /* FormatterInterface.swift */; };
		C990F3212B751EE80030E451 /* UIStoryboardExtension.swift in Sources */ = {isa = PBXBuildFile; fileRef = C990F31B2B751EE80030E451 /* UIStoryboardExtension.swift */; };
		C990F3222B751EE80030E451 /* PresenterInterface.swift in Sources */ = {isa = PBXBuildFile; fileRef = C990F31C2B751EE80030E451 /* PresenterInterface.swift */; };
		C990F3232B751EE80030E451 /* ViewInterface.swift in Sources */ = {isa = PBXBuildFile; fileRef = C990F31D2B751EE80030E451 /* ViewInterface.swift */; };
		C990F3242B751EE80030E451 /* InteractorInterface.swift in Sources */ = {isa = PBXBuildFile; fileRef = C990F31E2B751EE80030E451 /* InteractorInterface.swift */; };
		C990F32C2B751F6A0030E451 /* LoginInterfaces.swift in Sources */ = {isa = PBXBuildFile; fileRef = C990F3272B751F6A0030E451 /* LoginInterfaces.swift */; };
		C990F32D2B751F6A0030E451 /* LoginPresenter.swift in Sources */ = {isa = PBXBuildFile; fileRef = C990F3282B751F6A0030E451 /* LoginPresenter.swift */; };
		C990F32E2B751F6A0030E451 /* LoginViewController.swift in Sources */ = {isa = PBXBuildFile; fileRef = C990F3292B751F6A0030E451 /* LoginViewController.swift */; };
		C990F32F2B751F6A0030E451 /* LoginInteractor.swift in Sources */ = {isa = PBXBuildFile; fileRef = C990F32A2B751F6A0030E451 /* LoginInteractor.swift */; };
		C990F3302B751F6A0030E451 /* LoginWireframe.swift in Sources */ = {isa = PBXBuildFile; fileRef = C990F32B2B751F6A0030E451 /* LoginWireframe.swift */; };
		C990F33A2B752B5F0030E451 /* TitleTextField.swift in Sources */ = {isa = PBXBuildFile; fileRef = C990F3392B752B5F0030E451 /* TitleTextField.swift */; };
		C990F33C2B75324C0030E451 /* AppButton.swift in Sources */ = {isa = PBXBuildFile; fileRef = C990F33B2B75324C0030E451 /* AppButton.swift */; };
		C9A70BE52B751A7C00E1B33E /* AppDelegate.swift in Sources */ = {isa = PBXBuildFile; fileRef = C9A70BE42B751A7C00E1B33E /* AppDelegate.swift */; };
		C9A70BE72B751A7C00E1B33E /* SceneDelegate.swift in Sources */ = {isa = PBXBuildFile; fileRef = C9A70BE62B751A7C00E1B33E /* SceneDelegate.swift */; };
		C9A70BEE2B751A7F00E1B33E /* Assets.xcassets in Resources */ = {isa = PBXBuildFile; fileRef = C9A70BED2B751A7F00E1B33E /* Assets.xcassets */; };
		C9A70BF12B751A7F00E1B33E /* LaunchScreen.storyboard in Resources */ = {isa = PBXBuildFile; fileRef = C9A70BEF2B751A7F00E1B33E /* LaunchScreen.storyboard */; };
		C9C2095B2B789A29001A4F64 /* CoffeeTableViewCell.swift in Sources */ = {isa = PBXBuildFile; fileRef = C9C2095A2B789A29001A4F64 /* CoffeeTableViewCell.swift */; };
/* End PBXBuildFile section */

/* Begin PBXFileReference section */
		4252E40BB2DC6887CCEADF0D /* Pods_CashkaChoffe.framework */ = {isa = PBXFileReference; explicitFileType = wrapper.framework; includeInIndex = 0; path = Pods_CashkaChoffe.framework; sourceTree = BUILT_PRODUCTS_DIR; };
		74F4148F47606D8C819A8846 /* Pods-CashkaChoffe.debug.xcconfig */ = {isa = PBXFileReference; includeInIndex = 1; lastKnownFileType = text.xcconfig; name = "Pods-CashkaChoffe.debug.xcconfig"; path = "Target Support Files/Pods-CashkaChoffe/Pods-CashkaChoffe.debug.xcconfig"; sourceTree = "<group>"; };
		C9025F0D2B77646000EFE16B /* CoffeeShopsInterfaces.swift */ = {isa = PBXFileReference; lastKnownFileType = sourcecode.swift; path = CoffeeShopsInterfaces.swift; sourceTree = "<group>"; };
		C9025F0E2B77646000EFE16B /* CoffeeShopsPresenter.swift */ = {isa = PBXFileReference; lastKnownFileType = sourcecode.swift; path = CoffeeShopsPresenter.swift; sourceTree = "<group>"; };
		C9025F0F2B77646000EFE16B /* CoffeeShopsViewController.swift */ = {isa = PBXFileReference; lastKnownFileType = sourcecode.swift; path = CoffeeShopsViewController.swift; sourceTree = "<group>"; };
		C9025F102B77646000EFE16B /* CoffeeShopsInteractor.swift */ = {isa = PBXFileReference; lastKnownFileType = sourcecode.swift; path = CoffeeShopsInteractor.swift; sourceTree = "<group>"; };
		C9025F112B77646000EFE16B /* CoffeeShopsWireframe.swift */ = {isa = PBXFileReference; lastKnownFileType = sourcecode.swift; path = CoffeeShopsWireframe.swift; sourceTree = "<group>"; };
		C9025F182B77822200EFE16B /* MapViewController.swift */ = {isa = PBXFileReference; lastKnownFileType = sourcecode.swift; path = MapViewController.swift; sourceTree = "<group>"; };
		C9025F222B77853F00EFE16B /* Network.swift */ = {isa = PBXFileReference; lastKnownFileType = sourcecode.swift; path = Network.swift; sourceTree = "<group>"; };
		C9025F242B778C8600EFE16B /* NetworkError.swift */ = {isa = PBXFileReference; lastKnownFileType = sourcecode.swift; path = NetworkError.swift; sourceTree = "<group>"; };
		C9025F262B778F3200EFE16B /* UserModel.swift */ = {isa = PBXFileReference; lastKnownFileType = sourcecode.swift; path = UserModel.swift; sourceTree = "<group>"; };
		C9025F282B77D5CA00EFE16B /* CoffeeShopModel.swift */ = {isa = PBXFileReference; lastKnownFileType = sourcecode.swift; path = CoffeeShopModel.swift; sourceTree = "<group>"; };
		C91C6E4F2B792C27005FEAFB /* MenuInterfaces.swift */ = {isa = PBXFileReference; lastKnownFileType = sourcecode.swift; path = MenuInterfaces.swift; sourceTree = "<group>"; };
		C91C6E502B792C27005FEAFB /* MenuPresenter.swift */ = {isa = PBXFileReference; lastKnownFileType = sourcecode.swift; path = MenuPresenter.swift; sourceTree = "<group>"; };
		C91C6E512B792C27005FEAFB /* MenuViewController.swift */ = {isa = PBXFileReference; lastKnownFileType = sourcecode.swift; path = MenuViewController.swift; sourceTree = "<group>"; };
		C91C6E522B792C27005FEAFB /* MenuInteractor.swift */ = {isa = PBXFileReference; lastKnownFileType = sourcecode.swift; path = MenuInteractor.swift; sourceTree = "<group>"; };
		C91C6E532B792C27005FEAFB /* MenuWireframe.swift */ = {isa = PBXFileReference; lastKnownFileType = sourcecode.swift; path = MenuWireframe.swift; sourceTree = "<group>"; };
		C91C6E592B793025005FEAFB /* CoffeeModel.swift */ = {isa = PBXFileReference; lastKnownFileType = sourcecode.swift; path = CoffeeModel.swift; sourceTree = "<group>"; };
		C91C6E5B2B793936005FEAFB /* MenuCollectionViewCell.swift */ = {isa = PBXFileReference; lastKnownFileType = sourcecode.swift; path = MenuCollectionViewCell.swift; sourceTree = "<group>"; };
		C990F3192B751EE80030E451 /* BaseWireframe.swift */ = {isa = PBXFileReference; lastKnownFileType = sourcecode.swift; path = BaseWireframe.swift; sourceTree = "<group>"; };
		C990F31A2B751EE80030E451 /* FormatterInterface.swift */ = {isa = PBXFileReference; lastKnownFileType = sourcecode.swift; path = FormatterInterface.swift; sourceTree = "<group>"; };
		C990F31B2B751EE80030E451 /* UIStoryboardExtension.swift */ = {isa = PBXFileReference; lastKnownFileType = sourcecode.swift; path = UIStoryboardExtension.swift; sourceTree = "<group>"; };
		C990F31C2B751EE80030E451 /* PresenterInterface.swift */ = {isa = PBXFileReference; lastKnownFileType = sourcecode.swift; path = PresenterInterface.swift; sourceTree = "<group>"; };
		C990F31D2B751EE80030E451 /* ViewInterface.swift */ = {isa = PBXFileReference; lastKnownFileType = sourcecode.swift; path = ViewInterface.swift; sourceTree = "<group>"; };
		C990F31E2B751EE80030E451 /* InteractorInterface.swift */ = {isa = PBXFileReference; lastKnownFileType = sourcecode.swift; path = InteractorInterface.swift; sourceTree = "<group>"; };
		C990F3272B751F6A0030E451 /* LoginInterfaces.swift */ = {isa = PBXFileReference; lastKnownFileType = sourcecode.swift; path = LoginInterfaces.swift; sourceTree = "<group>"; };
		C990F3282B751F6A0030E451 /* LoginPresenter.swift */ = {isa = PBXFileReference; lastKnownFileType = sourcecode.swift; path = LoginPresenter.swift; sourceTree = "<group>"; };
		C990F3292B751F6A0030E451 /* LoginViewController.swift */ = {isa = PBXFileReference; lastKnownFileType = sourcecode.swift; path = LoginViewController.swift; sourceTree = "<group>"; };
		C990F32A2B751F6A0030E451 /* LoginInteractor.swift */ = {isa = PBXFileReference; lastKnownFileType = sourcecode.swift; path = LoginInteractor.swift; sourceTree = "<group>"; };
		C990F32B2B751F6A0030E451 /* LoginWireframe.swift */ = {isa = PBXFileReference; lastKnownFileType = sourcecode.swift; path = LoginWireframe.swift; sourceTree = "<group>"; };
		C990F3392B752B5F0030E451 /* TitleTextField.swift */ = {isa = PBXFileReference; lastKnownFileType = sourcecode.swift; path = TitleTextField.swift; sourceTree = "<group>"; };
		C990F33B2B75324C0030E451 /* AppButton.swift */ = {isa = PBXFileReference; lastKnownFileType = sourcecode.swift; path = AppButton.swift; sourceTree = "<group>"; };
		C9A70BE12B751A7C00E1B33E /* CashkaChoffe.app */ = {isa = PBXFileReference; explicitFileType = wrapper.application; includeInIndex = 0; path = CashkaChoffe.app; sourceTree = BUILT_PRODUCTS_DIR; };
		C9A70BE42B751A7C00E1B33E /* AppDelegate.swift */ = {isa = PBXFileReference; lastKnownFileType = sourcecode.swift; path = AppDelegate.swift; sourceTree = "<group>"; };
		C9A70BE62B751A7C00E1B33E /* SceneDelegate.swift */ = {isa = PBXFileReference; lastKnownFileType = sourcecode.swift; path = SceneDelegate.swift; sourceTree = "<group>"; };
		C9A70BED2B751A7F00E1B33E /* Assets.xcassets */ = {isa = PBXFileReference; lastKnownFileType = folder.assetcatalog; path = Assets.xcassets; sourceTree = "<group>"; };
		C9A70BF02B751A7F00E1B33E /* Base */ = {isa = PBXFileReference; lastKnownFileType = file.storyboard; name = Base; path = Base.lproj/LaunchScreen.storyboard; sourceTree = "<group>"; };
		C9A70BF22B751A7F00E1B33E /* Info.plist */ = {isa = PBXFileReference; lastKnownFileType = text.plist.xml; path = Info.plist; sourceTree = "<group>"; };
		C9C2095A2B789A29001A4F64 /* CoffeeTableViewCell.swift */ = {isa = PBXFileReference; lastKnownFileType = sourcecode.swift; path = CoffeeTableViewCell.swift; sourceTree = "<group>"; };
		E94445F6965EC765A970D642 /* Pods-CashkaChoffe.release.xcconfig */ = {isa = PBXFileReference; includeInIndex = 1; lastKnownFileType = text.xcconfig; name = "Pods-CashkaChoffe.release.xcconfig"; path = "Target Support Files/Pods-CashkaChoffe/Pods-CashkaChoffe.release.xcconfig"; sourceTree = "<group>"; };
/* End PBXFileReference section */

/* Begin PBXFrameworksBuildPhase section */
		C9A70BDE2B751A7C00E1B33E /* Frameworks */ = {
			isa = PBXFrameworksBuildPhase;
			buildActionMask = 2147483647;
			files = (
				38F067B8F57845FF7F165E63 /* Pods_CashkaChoffe.framework in Frameworks */,
			);
			runOnlyForDeploymentPostprocessing = 0;
		};
/* End PBXFrameworksBuildPhase section */

/* Begin PBXGroup section */
		4DC654E705BE655D02BD9747 /* Frameworks */ = {
			isa = PBXGroup;
			children = (
				4252E40BB2DC6887CCEADF0D /* Pods_CashkaChoffe.framework */,
			);
			name = Frameworks;
			sourceTree = "<group>";
		};
		98EC74FAA96BE9739E2E4235 /* Pods */ = {
			isa = PBXGroup;
			children = (
				74F4148F47606D8C819A8846 /* Pods-CashkaChoffe.debug.xcconfig */,
				E94445F6965EC765A970D642 /* Pods-CashkaChoffe.release.xcconfig */,
			);
			path = Pods;
			sourceTree = "<group>";
		};
		C9025F1A2B77841000EFE16B /* Map */ = {
			isa = PBXGroup;
			children = (
				C9025F182B77822200EFE16B /* MapViewController.swift */,
			);
			path = Map;
			sourceTree = "<group>";
		};
		C9025F212B77844900EFE16B /* Views */ = {
			isa = PBXGroup;
			children = (
				C990F3392B752B5F0030E451 /* TitleTextField.swift */,
				C990F33B2B75324C0030E451 /* AppButton.swift */,
				C9C2095A2B789A29001A4F64 /* CoffeeTableViewCell.swift */,
				C91C6E5B2B793936005FEAFB /* MenuCollectionViewCell.swift */,
			);
			path = Views;
			sourceTree = "<group>";
		};
		C990F30E2B751AE30030E451 /* VIPER */ = {
			isa = PBXGroup;
			children = (
				C990F3192B751EE80030E451 /* BaseWireframe.swift */,
				C990F31A2B751EE80030E451 /* FormatterInterface.swift */,
				C990F31B2B751EE80030E451 /* UIStoryboardExtension.swift */,
				C990F31C2B751EE80030E451 /* PresenterInterface.swift */,
				C990F31D2B751EE80030E451 /* ViewInterface.swift */,
				C990F31E2B751EE80030E451 /* InteractorInterface.swift */,
			);
			path = VIPER;
			sourceTree = "<group>";
		};
		C990F3252B751F4A0030E451 /* Modules */ = {
			isa = PBXGroup;
			children = (
				C990F3372B75249E0030E451 /* Menu */,
				C990F3362B7524830030E451 /* CoffeeShops */,
				C990F3262B751F540030E451 /* Login */,
			);
			path = Modules;
			sourceTree = "<group>";
		};
		C990F3262B751F540030E451 /* Login */ = {
			isa = PBXGroup;
			children = (
				C990F3272B751F6A0030E451 /* LoginInterfaces.swift */,
				C990F3282B751F6A0030E451 /* LoginPresenter.swift */,
				C990F3292B751F6A0030E451 /* LoginViewController.swift */,
				C990F32A2B751F6A0030E451 /* LoginInteractor.swift */,
				C990F32B2B751F6A0030E451 /* LoginWireframe.swift */,
			);
			path = Login;
			sourceTree = "<group>";
		};
		C990F3312B7522580030E451 /* System */ = {
			isa = PBXGroup;
			children = (
				C9A70BE42B751A7C00E1B33E /* AppDelegate.swift */,
				C9A70BE62B751A7C00E1B33E /* SceneDelegate.swift */,
			);
			path = System;
			sourceTree = "<group>";
		};
		C990F3322B7522790030E451 /* Common */ = {
			isa = PBXGroup;
			children = (
				C9025F212B77844900EFE16B /* Views */,
				C990F3352B7522A00030E451 /* Models */,
				C990F3342B7522980030E451 /* Services */,
				C990F3332B7522830030E451 /* Extensions */,
				C990F30E2B751AE30030E451 /* VIPER */,
			);
			path = Common;
			sourceTree = "<group>";
		};
		C990F3332B7522830030E451 /* Extensions */ = {
			isa = PBXGroup;
			children = (
			);
			path = Extensions;
			sourceTree = "<group>";
		};
		C990F3342B7522980030E451 /* Services */ = {
			isa = PBXGroup;
			children = (
				C9025F222B77853F00EFE16B /* Network.swift */,
				C9025F242B778C8600EFE16B /* NetworkError.swift */,
			);
			path = Services;
			sourceTree = "<group>";
		};
		C990F3352B7522A00030E451 /* Models */ = {
			isa = PBXGroup;
			children = (
				C9025F262B778F3200EFE16B /* UserModel.swift */,
				C9025F282B77D5CA00EFE16B /* CoffeeShopModel.swift */,
				C91C6E592B793025005FEAFB /* CoffeeModel.swift */,
			);
			path = Models;
			sourceTree = "<group>";
		};
		C990F3362B7524830030E451 /* CoffeeShops */ = {
			isa = PBXGroup;
			children = (
				C9025F0D2B77646000EFE16B /* CoffeeShopsInterfaces.swift */,
				C9025F0E2B77646000EFE16B /* CoffeeShopsPresenter.swift */,
				C9025F0F2B77646000EFE16B /* CoffeeShopsViewController.swift */,
				C9025F102B77646000EFE16B /* CoffeeShopsInteractor.swift */,
				C9025F112B77646000EFE16B /* CoffeeShopsWireframe.swift */,
				C9025F1A2B77841000EFE16B /* Map */,
			);
			path = CoffeeShops;
			sourceTree = "<group>";
		};
		C990F3372B75249E0030E451 /* Menu */ = {
			isa = PBXGroup;
			children = (
				C91C6E4F2B792C27005FEAFB /* MenuInterfaces.swift */,
				C91C6E502B792C27005FEAFB /* MenuPresenter.swift */,
				C91C6E512B792C27005FEAFB /* MenuViewController.swift */,
				C91C6E522B792C27005FEAFB /* MenuInteractor.swift */,
				C91C6E532B792C27005FEAFB /* MenuWireframe.swift */,
			);
			path = Menu;
			sourceTree = "<group>";
		};
		C9A70BD82B751A7C00E1B33E = {
			isa = PBXGroup;
			children = (
				C9A70BE32B751A7C00E1B33E /* CashkaChoffe */,
				C9A70BE22B751A7C00E1B33E /* Products */,
				98EC74FAA96BE9739E2E4235 /* Pods */,
				4DC654E705BE655D02BD9747 /* Frameworks */,
			);
			sourceTree = "<group>";
		};
		C9A70BE22B751A7C00E1B33E /* Products */ = {
			isa = PBXGroup;
			children = (
				C9A70BE12B751A7C00E1B33E /* CashkaChoffe.app */,
			);
			name = Products;
			sourceTree = "<group>";
		};
		C9A70BE32B751A7C00E1B33E /* CashkaChoffe */ = {
			isa = PBXGroup;
			children = (
				C990F3312B7522580030E451 /* System */,
				C990F3252B751F4A0030E451 /* Modules */,
				C990F3322B7522790030E451 /* Common */,
				C9A70BED2B751A7F00E1B33E /* Assets.xcassets */,
				C9A70BEF2B751A7F00E1B33E /* LaunchScreen.storyboard */,
				C9A70BF22B751A7F00E1B33E /* Info.plist */,
			);
			path = CashkaChoffe;
			sourceTree = "<group>";
		};
/* End PBXGroup section */

/* Begin PBXNativeTarget section */
		C9A70BE02B751A7C00E1B33E /* CashkaChoffe */ = {
			isa = PBXNativeTarget;
			buildConfigurationList = C9A70BF52B751A7F00E1B33E /* Build configuration list for PBXNativeTarget "CashkaChoffe" */;
			buildPhases = (
				CE49CF4389ADEFE2267BAFFE /* [CP] Check Pods Manifest.lock */,
				C9A70BDD2B751A7C00E1B33E /* Sources */,
				C9A70BDE2B751A7C00E1B33E /* Frameworks */,
				C9A70BDF2B751A7C00E1B33E /* Resources */,
				2942D8749F4B9077563E256D /* [CP] Embed Pods Frameworks */,
			);
			buildRules = (
			);
			dependencies = (
			);
			name = CashkaChoffe;
			productName = CashkaChoffe;
			productReference = C9A70BE12B751A7C00E1B33E /* CashkaChoffe.app */;
			productType = "com.apple.product-type.application";
		};
/* End PBXNativeTarget section */

/* Begin PBXProject section */
		C9A70BD92B751A7C00E1B33E /* Project object */ = {
			isa = PBXProject;
			attributes = {
				BuildIndependentTargetsInParallel = 1;
				LastSwiftUpdateCheck = 1500;
				LastUpgradeCheck = 1500;
				TargetAttributes = {
					C9A70BE02B751A7C00E1B33E = {
						CreatedOnToolsVersion = 15.0;
					};
				};
			};
			buildConfigurationList = C9A70BDC2B751A7C00E1B33E /* Build configuration list for PBXProject "CashkaChoffe" */;
			compatibilityVersion = "Xcode 14.0";
			developmentRegion = en;
			hasScannedForEncodings = 0;
			knownRegions = (
				en,
				Base,
			);
			mainGroup = C9A70BD82B751A7C00E1B33E;
			productRefGroup = C9A70BE22B751A7C00E1B33E /* Products */;
			projectDirPath = "";
			projectRoot = "";
			targets = (
				C9A70BE02B751A7C00E1B33E /* CashkaChoffe */,
			);
		};
/* End PBXProject section */

/* Begin PBXResourcesBuildPhase section */
		C9A70BDF2B751A7C00E1B33E /* Resources */ = {
			isa = PBXResourcesBuildPhase;
			buildActionMask = 2147483647;
			files = (
				C9A70BF12B751A7F00E1B33E /* LaunchScreen.storyboard in Resources */,
				C9A70BEE2B751A7F00E1B33E /* Assets.xcassets in Resources */,
			);
			runOnlyForDeploymentPostprocessing = 0;
		};
/* End PBXResourcesBuildPhase section */

/* Begin PBXShellScriptBuildPhase section */
		2942D8749F4B9077563E256D /* [CP] Embed Pods Frameworks */ = {
			isa = PBXShellScriptBuildPhase;
			buildActionMask = 2147483647;
			files = (
			);
			inputFileListPaths = (
				"${PODS_ROOT}/Target Support Files/Pods-CashkaChoffe/Pods-CashkaChoffe-frameworks-${CONFIGURATION}-input-files.xcfilelist",
			);
			name = "[CP] Embed Pods Frameworks";
			outputFileListPaths = (
				"${PODS_ROOT}/Target Support Files/Pods-CashkaChoffe/Pods-CashkaChoffe-frameworks-${CONFIGURATION}-output-files.xcfilelist",
			);
			runOnlyForDeploymentPostprocessing = 0;
			shellPath = /bin/sh;
			shellScript = "\"${PODS_ROOT}/Target Support Files/Pods-CashkaChoffe/Pods-CashkaChoffe-frameworks.sh\"\n";
			showEnvVarsInLog = 0;
		};
		CE49CF4389ADEFE2267BAFFE /* [CP] Check Pods Manifest.lock */ = {
			isa = PBXShellScriptBuildPhase;
			buildActionMask = 2147483647;
			files = (
			);
			inputFileListPaths = (
			);
			inputPaths = (
				"${PODS_PODFILE_DIR_PATH}/Podfile.lock",
				"${PODS_ROOT}/Manifest.lock",
			);
			name = "[CP] Check Pods Manifest.lock";
			outputFileListPaths = (
			);
			outputPaths = (
				"$(DERIVED_FILE_DIR)/Pods-CashkaChoffe-checkManifestLockResult.txt",
			);
			runOnlyForDeploymentPostprocessing = 0;
			shellPath = /bin/sh;
			shellScript = "diff \"${PODS_PODFILE_DIR_PATH}/Podfile.lock\" \"${PODS_ROOT}/Manifest.lock\" > /dev/null\nif [ $? != 0 ] ; then\n    # print error to STDERR\n    echo \"error: The sandbox is not in sync with the Podfile.lock. Run 'pod install' or update your CocoaPods installation.\" >&2\n    exit 1\nfi\n# This output is used by Xcode 'outputs' to avoid re-running this script phase.\necho \"SUCCESS\" > \"${SCRIPT_OUTPUT_FILE_0}\"\n";
			showEnvVarsInLog = 0;
		};
/* End PBXShellScriptBuildPhase section */

/* Begin PBXSourcesBuildPhase section */
		C9A70BDD2B751A7C00E1B33E /* Sources */ = {
			isa = PBXSourcesBuildPhase;
			buildActionMask = 2147483647;
			files = (
				C9025F292B77D5CA00EFE16B /* CoffeeShopModel.swift in Sources */,
				C9025F162B77646100EFE16B /* CoffeeShopsWireframe.swift in Sources */,
				C91C6E542B792C27005FEAFB /* MenuInterfaces.swift in Sources */,
				C9A70BE52B751A7C00E1B33E /* AppDelegate.swift in Sources */,
				C990F3232B751EE80030E451 /* ViewInterface.swift in Sources */,
				C91C6E5A2B793025005FEAFB /* CoffeeModel.swift in Sources */,
				C9025F142B77646100EFE16B /* CoffeeShopsViewController.swift in Sources */,
				C9A70BE72B751A7C00E1B33E /* SceneDelegate.swift in Sources */,
				C9025F152B77646100EFE16B /* CoffeeShopsInteractor.swift in Sources */,
				C990F3202B751EE80030E451 /* FormatterInterface.swift in Sources */,
				C91C6E562B792C27005FEAFB /* MenuViewController.swift in Sources */,
				C990F33A2B752B5F0030E451 /* TitleTextField.swift in Sources */,
				C990F32D2B751F6A0030E451 /* LoginPresenter.swift in Sources */,
				C990F3212B751EE80030E451 /* UIStoryboardExtension.swift in Sources */,
				C9025F272B778F3200EFE16B /* UserModel.swift in Sources */,
				C990F32C2B751F6A0030E451 /* LoginInterfaces.swift in Sources */,
				C91C6E572B792C27005FEAFB /* MenuInteractor.swift in Sources */,
				C990F3242B751EE80030E451 /* InteractorInterface.swift in Sources */,
				C990F33C2B75324C0030E451 /* AppButton.swift in Sources */,
				C9025F192B77822200EFE16B /* MapViewController.swift in Sources */,
				C990F32F2B751F6A0030E451 /* LoginInteractor.swift in Sources */,
				C990F31F2B751EE80030E451 /* BaseWireframe.swift in Sources */,
				C9025F232B77853F00EFE16B /* Network.swift in Sources */,
				C990F3222B751EE80030E451 /* PresenterInterface.swift in Sources */,
				C990F32E2B751F6A0030E451 /* LoginViewController.swift in Sources */,
				C91C6E582B792C27005FEAFB /* MenuWireframe.swift in Sources */,
				C9C2095B2B789A29001A4F64 /* CoffeeTableViewCell.swift in Sources */,
				C990F3302B751F6A0030E451 /* LoginWireframe.swift in Sources */,
				C9025F132B77646100EFE16B /* CoffeeShopsPresenter.swift in Sources */,
				C91C6E5C2B793936005FEAFB /* MenuCollectionViewCell.swift in Sources */,
				C9025F122B77646000EFE16B /* CoffeeShopsInterfaces.swift in Sources */,
				C9025F252B778C8600EFE16B /* NetworkError.swift in Sources */,
				C91C6E552B792C27005FEAFB /* MenuPresenter.swift in Sources */,
			);
			runOnlyForDeploymentPostprocessing = 0;
		};
/* End PBXSourcesBuildPhase section */

/* Begin PBXVariantGroup section */
		C9A70BEF2B751A7F00E1B33E /* LaunchScreen.storyboard */ = {
			isa = PBXVariantGroup;
			children = (
				C9A70BF02B751A7F00E1B33E /* Base */,
			);
			name = LaunchScreen.storyboard;
			sourceTree = "<group>";
		};
/* End PBXVariantGroup section */

/* Begin XCBuildConfiguration section */
		C9A70BF32B751A7F00E1B33E /* Debug */ = {
			isa = XCBuildConfiguration;
			buildSettings = {
				ALWAYS_SEARCH_USER_PATHS = NO;
				ASSETCATALOG_COMPILER_GENERATE_SWIFT_ASSET_SYMBOL_EXTENSIONS = YES;
				CLANG_ANALYZER_NONNULL = YES;
				CLANG_ANALYZER_NUMBER_OBJECT_CONVERSION = YES_AGGRESSIVE;
				CLANG_CXX_LANGUAGE_STANDARD = "gnu++20";
				CLANG_ENABLE_MODULES = YES;
				CLANG_ENABLE_OBJC_ARC = YES;
				CLANG_ENABLE_OBJC_WEAK = YES;
				CLANG_WARN_BLOCK_CAPTURE_AUTORELEASING = YES;
				CLANG_WARN_BOOL_CONVERSION = YES;
				CLANG_WARN_COMMA = YES;
				CLANG_WARN_CONSTANT_CONVERSION = YES;
				CLANG_WARN_DEPRECATED_OBJC_IMPLEMENTATIONS = YES;
				CLANG_WARN_DIRECT_OBJC_ISA_USAGE = YES_ERROR;
				CLANG_WARN_DOCUMENTATION_COMMENTS = YES;
				CLANG_WARN_EMPTY_BODY = YES;
				CLANG_WARN_ENUM_CONVERSION = YES;
				CLANG_WARN_INFINITE_RECURSION = YES;
				CLANG_WARN_INT_CONVERSION = YES;
				CLANG_WARN_NON_LITERAL_NULL_CONVERSION = YES;
				CLANG_WARN_OBJC_IMPLICIT_RETAIN_SELF = YES;
				CLANG_WARN_OBJC_LITERAL_CONVERSION = YES;
				CLANG_WARN_OBJC_ROOT_CLASS = YES_ERROR;
				CLANG_WARN_QUOTED_INCLUDE_IN_FRAMEWORK_HEADER = YES;
				CLANG_WARN_RANGE_LOOP_ANALYSIS = YES;
				CLANG_WARN_STRICT_PROTOTYPES = YES;
				CLANG_WARN_SUSPICIOUS_MOVE = YES;
				CLANG_WARN_UNGUARDED_AVAILABILITY = YES_AGGRESSIVE;
				CLANG_WARN_UNREACHABLE_CODE = YES;
				CLANG_WARN__DUPLICATE_METHOD_MATCH = YES;
				COPY_PHASE_STRIP = NO;
				DEBUG_INFORMATION_FORMAT = dwarf;
				ENABLE_STRICT_OBJC_MSGSEND = YES;
				ENABLE_TESTABILITY = YES;
				ENABLE_USER_SCRIPT_SANDBOXING = NO;
				GCC_C_LANGUAGE_STANDARD = gnu17;
				GCC_DYNAMIC_NO_PIC = NO;
				GCC_NO_COMMON_BLOCKS = YES;
				GCC_OPTIMIZATION_LEVEL = 0;
				GCC_PREPROCESSOR_DEFINITIONS = (
					"DEBUG=1",
					"$(inherited)",
				);
				GCC_WARN_64_TO_32_BIT_CONVERSION = YES;
				GCC_WARN_ABOUT_RETURN_TYPE = YES_ERROR;
				GCC_WARN_UNDECLARED_SELECTOR = YES;
				GCC_WARN_UNINITIALIZED_AUTOS = YES_AGGRESSIVE;
				GCC_WARN_UNUSED_FUNCTION = YES;
				GCC_WARN_UNUSED_VARIABLE = YES;
				IPHONEOS_DEPLOYMENT_TARGET = 15.0;
				LOCALIZATION_PREFERS_STRING_CATALOGS = YES;
				MTL_ENABLE_DEBUG_INFO = INCLUDE_SOURCE;
				MTL_FAST_MATH = YES;
				ONLY_ACTIVE_ARCH = YES;
				SDKROOT = iphoneos;
				SWIFT_ACTIVE_COMPILATION_CONDITIONS = "DEBUG $(inherited)";
				SWIFT_OPTIMIZATION_LEVEL = "-Onone";
			};
			name = Debug;
		};
		C9A70BF42B751A7F00E1B33E /* Release */ = {
			isa = XCBuildConfiguration;
			buildSettings = {
				ALWAYS_SEARCH_USER_PATHS = NO;
				ASSETCATALOG_COMPILER_GENERATE_SWIFT_ASSET_SYMBOL_EXTENSIONS = YES;
				CLANG_ANALYZER_NONNULL = YES;
				CLANG_ANALYZER_NUMBER_OBJECT_CONVERSION = YES_AGGRESSIVE;
				CLANG_CXX_LANGUAGE_STANDARD = "gnu++20";
				CLANG_ENABLE_MODULES = YES;
				CLANG_ENABLE_OBJC_ARC = YES;
				CLANG_ENABLE_OBJC_WEAK = YES;
				CLANG_WARN_BLOCK_CAPTURE_AUTORELEASING = YES;
				CLANG_WARN_BOOL_CONVERSION = YES;
				CLANG_WARN_COMMA = YES;
				CLANG_WARN_CONSTANT_CONVERSION = YES;
				CLANG_WARN_DEPRECATED_OBJC_IMPLEMENTATIONS = YES;
				CLANG_WARN_DIRECT_OBJC_ISA_USAGE = YES_ERROR;
				CLANG_WARN_DOCUMENTATION_COMMENTS = YES;
				CLANG_WARN_EMPTY_BODY = YES;
				CLANG_WARN_ENUM_CONVERSION = YES;
				CLANG_WARN_INFINITE_RECURSION = YES;
				CLANG_WARN_INT_CONVERSION = YES;
				CLANG_WARN_NON_LITERAL_NULL_CONVERSION = YES;
				CLANG_WARN_OBJC_IMPLICIT_RETAIN_SELF = YES;
				CLANG_WARN_OBJC_LITERAL_CONVERSION = YES;
				CLANG_WARN_OBJC_ROOT_CLASS = YES_ERROR;
				CLANG_WARN_QUOTED_INCLUDE_IN_FRAMEWORK_HEADER = YES;
				CLANG_WARN_RANGE_LOOP_ANALYSIS = YES;
				CLANG_WARN_STRICT_PROTOTYPES = YES;
				CLANG_WARN_SUSPICIOUS_MOVE = YES;
				CLANG_WARN_UNGUARDED_AVAILABILITY = YES_AGGRESSIVE;
				CLANG_WARN_UNREACHABLE_CODE = YES;
				CLANG_WARN__DUPLICATE_METHOD_MATCH = YES;
				COPY_PHASE_STRIP = NO;
				DEBUG_INFORMATION_FORMAT = "dwarf-with-dsym";
				ENABLE_NS_ASSERTIONS = NO;
				ENABLE_STRICT_OBJC_MSGSEND = YES;
				ENABLE_USER_SCRIPT_SANDBOXING = NO;
				GCC_C_LANGUAGE_STANDARD = gnu17;
				GCC_NO_COMMON_BLOCKS = YES;
				GCC_WARN_64_TO_32_BIT_CONVERSION = YES;
				GCC_WARN_ABOUT_RETURN_TYPE = YES_ERROR;
				GCC_WARN_UNDECLARED_SELECTOR = YES;
				GCC_WARN_UNINITIALIZED_AUTOS = YES_AGGRESSIVE;
				GCC_WARN_UNUSED_FUNCTION = YES;
				GCC_WARN_UNUSED_VARIABLE = YES;
				IPHONEOS_DEPLOYMENT_TARGET = 15.0;
				LOCALIZATION_PREFERS_STRING_CATALOGS = YES;
				MTL_ENABLE_DEBUG_INFO = NO;
				MTL_FAST_MATH = YES;
				SDKROOT = iphoneos;
				SWIFT_COMPILATION_MODE = wholemodule;
				VALIDATE_PRODUCT = YES;
			};
			name = Release;
		};
		C9A70BF62B751A7F00E1B33E /* Debug */ = {
			isa = XCBuildConfiguration;
			baseConfigurationReference = 74F4148F47606D8C819A8846 /* Pods-CashkaChoffe.debug.xcconfig */;
			buildSettings = {
				ASSETCATALOG_COMPILER_APPICON_NAME = AppIcon;
				ASSETCATALOG_COMPILER_GLOBAL_ACCENT_COLOR_NAME = AccentColor;
				CODE_SIGN_IDENTITY = "Apple Development";
				CODE_SIGN_STYLE = Automatic;
				CURRENT_PROJECT_VERSION = 1;
				DEVELOPMENT_TEAM = E4F3RD8E26;
				GENERATE_INFOPLIST_FILE = YES;
				INFOPLIST_FILE = CashkaChoffe/Info.plist;
				INFOPLIST_KEY_UIApplicationSupportsIndirectInputEvents = YES;
				INFOPLIST_KEY_UILaunchStoryboardName = LaunchScreen;
				INFOPLIST_KEY_UISupportedInterfaceOrientations_iPhone = UIInterfaceOrientationPortrait;
				IPHONEOS_DEPLOYMENT_TARGET = 15.0;
				LD_RUNPATH_SEARCH_PATHS = (
					"$(inherited)",
					"@executable_path/Frameworks",
				);
				MARKETING_VERSION = 1.0;
				PRODUCT_BUNDLE_IDENTIFIER = com.vonkad.CashkaChoffe;
				PRODUCT_NAME = "$(TARGET_NAME)";
				PROVISIONING_PROFILE_SPECIFIER = "";
				SWIFT_EMIT_LOC_STRINGS = YES;
				SWIFT_VERSION = 5.0;
				TARGETED_DEVICE_FAMILY = "1,2";
			};
			name = Debug;
		};
		C9A70BF72B751A7F00E1B33E /* Release */ = {
			isa = XCBuildConfiguration;
			baseConfigurationReference = E94445F6965EC765A970D642 /* Pods-CashkaChoffe.release.xcconfig */;
			buildSettings = {
				ASSETCATALOG_COMPILER_APPICON_NAME = AppIcon;
				ASSETCATALOG_COMPILER_GLOBAL_ACCENT_COLOR_NAME = AccentColor;
				CODE_SIGN_IDENTITY = "Apple Development";
				CODE_SIGN_STYLE = Automatic;
				CURRENT_PROJECT_VERSION = 1;
				DEVELOPMENT_TEAM = E4F3RD8E26;
				GENERATE_INFOPLIST_FILE = YES;
				INFOPLIST_FILE = CashkaChoffe/Info.plist;
				INFOPLIST_KEY_UIApplicationSupportsIndirectInputEvents = YES;
				INFOPLIST_KEY_UILaunchStoryboardName = LaunchScreen;
				INFOPLIST_KEY_UISupportedInterfaceOrientations_iPhone = UIInterfaceOrientationPortrait;
				IPHONEOS_DEPLOYMENT_TARGET = 15.0;
				LD_RUNPATH_SEARCH_PATHS = (
					"$(inherited)",
					"@executable_path/Frameworks",
				);
				MARKETING_VERSION = 1.0;
				PRODUCT_BUNDLE_IDENTIFIER = com.vonkad.CashkaChoffe;
				PRODUCT_NAME = "$(TARGET_NAME)";
				PROVISIONING_PROFILE_SPECIFIER = "";
				SWIFT_EMIT_LOC_STRINGS = YES;
				SWIFT_VERSION = 5.0;
				TARGETED_DEVICE_FAMILY = "1,2";
			};
			name = Release;
		};
/* End XCBuildConfiguration section */

/* Begin XCConfigurationList section */
		C9A70BDC2B751A7C00E1B33E /* Build configuration list for PBXProject "CashkaChoffe" */ = {
			isa = XCConfigurationList;
			buildConfigurations = (
				C9A70BF32B751A7F00E1B33E /* Debug */,
				C9A70BF42B751A7F00E1B33E /* Release */,
			);
			defaultConfigurationIsVisible = 0;
			defaultConfigurationName = Release;
		};
		C9A70BF52B751A7F00E1B33E /* Build configuration list for PBXNativeTarget "CashkaChoffe" */ = {
			isa = XCConfigurationList;
			buildConfigurations = (
				C9A70BF62B751A7F00E1B33E /* Debug */,
				C9A70BF72B751A7F00E1B33E /* Release */,
			);
			defaultConfigurationIsVisible = 0;
			defaultConfigurationName = Release;
		};
/* End XCConfigurationList section */
	};
	rootObject = C9A70BD92B751A7C00E1B33E /* Project object */;
}
